
Microsoft Visual Studio Solution File, Format Version 12.00
# Visual Studio Version 16
VisualStudioVersion = 16.0.31410.357
MinimumVisualStudioVersion = 10.0.40219.1
Project("{FAE04EC0-301F-11D3-BF4B-00C04F79EFBC}") = "Teknofest_Görüntüleme_Arayüzü_v1", "Teknofest_Görüntüleme_Arayüzü_v1\Teknofest_Görüntüleme_Arayüzü_v1.csproj", "{DD06548E-6CB2-4150-BB38-762E43AD040A}"
EndProject
Global
	GlobalSection(SolutionConfigurationPlatforms) = preSolution
		Debug|Any CPU = Debug|Any CPU
		Release|Any CPU = Release|Any CPU
	EndGlobalSection
	GlobalSection(ProjectConfigurationPlatforms) = postSolution
		{DD06548E-6CB2-4150-BB38-762E43AD040A}.Debug|Any CPU.ActiveCfg = Debug|Any CPU
		{DD06548E-6CB2-4150-BB38-762E43AD040A}.Debug|Any CPU.Build.0 = Debug|Any CPU
		{DD06548E-6CB2-4150-BB38-762E43AD040A}.Release|Any CPU.ActiveCfg = Release|Any CPU
		{DD06548E-6CB2-4150-BB38-762E43AD040A}.Release|Any CPU.Build.0 = Release|Any CPU
	EndGlobalSection
	GlobalSection(SolutionProperties) = preSolution
		HideSolutionNode = FALSE
	EndGlobalSection
	GlobalSection(ExtensibilityGlobals) = postSolution
		SolutionGuid = {62D88615-003C-4F81-B3C0-0CCA1148EB95}
	EndGlobalSection
EndGlobal
